
Microsoft Visual Studio Solution File, Format Version 12.00
# Visual Studio Version 17
VisualStudioVersion = 17.11.35208.52
MinimumVisualStudioVersion = 10.0.40219.1
Project("{FAE04EC0-301F-11D3-BF4B-00C04F79EFBC}") = "appExemploAula15", "appExemploAula15\appExemploAula15.csproj", "{BE450A1C-22DB-4DB6-B972-B270070C0111}"
EndProject
Global
	GlobalSection(SolutionConfigurationPlatforms) = preSolution
		Debug|Any CPU = Debug|Any CPU
		Release|Any CPU = Release|Any CPU
	EndGlobalSection
	GlobalSection(ProjectConfigurationPlatforms) = postSolution
		{BE450A1C-22DB-4DB6-B972-B270070C0111}.Debug|Any CPU.ActiveCfg = Debug|Any CPU
		{BE450A1C-22DB-4DB6-B972-B270070C0111}.Debug|Any CPU.Build.0 = Debug|Any CPU
		{BE450A1C-22DB-4DB6-B972-B270070C0111}.Debug|Any CPU.Deploy.0 = Debug|Any CPU
		{BE450A1C-22DB-4DB6-B972-B270070C0111}.Release|Any CPU.ActiveCfg = Release|Any CPU
		{BE450A1C-22DB-4DB6-B972-B270070C0111}.Release|Any CPU.Build.0 = Release|Any CPU
		{BE450A1C-22DB-4DB6-B972-B270070C0111}.Release|Any CPU.Deploy.0 = Release|Any CPU
	EndGlobalSection
	GlobalSection(SolutionProperties) = preSolution
		HideSolutionNode = FALSE
	EndGlobalSection
	GlobalSection(ExtensibilityGlobals) = postSolution
		SolutionGuid = {3AAEBCFB-A238-4E4A-82A4-3350F669B840}
	EndGlobalSection
EndGlobal
